
Microsoft Visual Studio Solution File, Format Version 12.00
# Visual Studio Version 17
VisualStudioVersion = 17.0.31903.59
MinimumVisualStudioVersion = 10.0.40219.1
Project("{9A19103F-16F7-4668-BE54-9A1E7A4F7556}") = "SingleProjectPlayground", "SingleProjectPlayground\SingleProjectPlayground.csproj", "{C083D8C8-54B4-4F2E-AFFB-FFD6C26A34B8}"
EndProject
Project("{2150E333-8FDC-42A3-9474-1A3956D46DE8}") = "Solution Items", "Solution Items", "{1F4C783F-B482-4992-A4FB-F2B281900D15}"
	ProjectSection(SolutionItems) = preProject
		.editorconfig = .editorconfig
		Directory.Build.props = Directory.Build.props
		Directory.Build.targets = Directory.Build.targets
		global.json = global.json
	EndProjectSection
EndProject
Global
	GlobalSection(SolutionConfigurationPlatforms) = preSolution
		Debug|Any CPU = Debug|Any CPU
		Release|Any CPU = Release|Any CPU
	EndGlobalSection
	GlobalSection(ProjectConfigurationPlatforms) = postSolution
		{C083D8C8-54B4-4F2E-AFFB-FFD6C26A34B8}.Debug|Any CPU.ActiveCfg = Debug|Any CPU
		{C083D8C8-54B4-4F2E-AFFB-FFD6C26A34B8}.Debug|Any CPU.Build.0 = Debug|Any CPU
		{C083D8C8-54B4-4F2E-AFFB-FFD6C26A34B8}.Debug|Any CPU.Deploy.0 = Debug|Any CPU
		{C083D8C8-54B4-4F2E-AFFB-FFD6C26A34B8}.Release|Any CPU.ActiveCfg = Release|Any CPU
		{C083D8C8-54B4-4F2E-AFFB-FFD6C26A34B8}.Release|Any CPU.Build.0 = Release|Any CPU
	EndGlobalSection
	GlobalSection(SolutionProperties) = preSolution
		HideSolutionNode = FALSE
	EndGlobalSection
	GlobalSection(ExtensibilityGlobals) = postSolution
		SolutionGuid = {16A7CE16-B4F0-46B3-9BD4-05FB1024DEEF}
	EndGlobalSection
EndGlobal
